
Microsoft Visual Studio Solution File, Format Version 12.00
# Visual Studio Version 17
VisualStudioVersion = 17.14.36414.22 d17.14
MinimumVisualStudioVersion = 10.0.40219.1
Project("{FAE04EC0-301F-11D3-BF4B-00C04F79EFBC}") = "LambdaTest", "LambdaTest.csproj", "{356F39FB-474A-4F60-85B5-6E7A4DCEA4E0}"
EndProject
Global
	GlobalSection(SolutionConfigurationPlatforms) = preSolution
		Debug|Any CPU = Debug|Any CPU
		Release|Any CPU = Release|Any CPU
	EndGlobalSection
	GlobalSection(ProjectConfigurationPlatforms) = postSolution
		{356F39FB-474A-4F60-85B5-6E7A4DCEA4E0}.Debug|Any CPU.ActiveCfg = Debug|Any CPU
		{356F39FB-474A-4F60-85B5-6E7A4DCEA4E0}.Debug|Any CPU.Build.0 = Debug|Any CPU
		{356F39FB-474A-4F60-85B5-6E7A4DCEA4E0}.Release|Any CPU.ActiveCfg = Release|Any CPU
		{356F39FB-474A-4F60-85B5-6E7A4DCEA4E0}.Release|Any CPU.Build.0 = Release|Any CPU
	EndGlobalSection
	GlobalSection(SolutionProperties) = preSolution
		HideSolutionNode = FALSE
	EndGlobalSection
	GlobalSection(ExtensibilityGlobals) = postSolution
		SolutionGuid = {467A30FB-43C5-4415-9A03-C2474BB26631}
	EndGlobalSection
EndGlobal
